
Microsoft Visual Studio Solution File, Format Version 12.00
# Visual Studio Version 16
VisualStudioVersion = 16.0.32510.428
MinimumVisualStudioVersion = 10.0.40219.1
Project("{9A19103F-16F7-4668-BE54-9A1E7A4F7556}") = "usersapi", "usersapi.csproj", "{424FE92A-166C-4511-95FA-721EF81CDAF0}"
EndProject
Project("{FAE04EC0-301F-11D3-BF4B-00C04F79EFBC}") = "usersapi_tests", "..\usersapi_tests\usersapi_tests.csproj", "{B8C7D667-711C-4CA7-9814-8A8DD97FB9BC}"
EndProject
Global
	GlobalSection(SolutionConfigurationPlatforms) = preSolution
		Debug|Any CPU = Debug|Any CPU
		Release|Any CPU = Release|Any CPU
	EndGlobalSection
	GlobalSection(ProjectConfigurationPlatforms) = postSolution
		{424FE92A-166C-4511-95FA-721EF81CDAF0}.Debug|Any CPU.ActiveCfg = Debug|Any CPU
		{424FE92A-166C-4511-95FA-721EF81CDAF0}.Debug|Any CPU.Build.0 = Debug|Any CPU
		{424FE92A-166C-4511-95FA-721EF81CDAF0}.Release|Any CPU.ActiveCfg = Release|Any CPU
		{424FE92A-166C-4511-95FA-721EF81CDAF0}.Release|Any CPU.Build.0 = Release|Any CPU
		{B8C7D667-711C-4CA7-9814-8A8DD97FB9BC}.Debug|Any CPU.ActiveCfg = Debug|Any CPU
		{B8C7D667-711C-4CA7-9814-8A8DD97FB9BC}.Debug|Any CPU.Build.0 = Debug|Any CPU
		{B8C7D667-711C-4CA7-9814-8A8DD97FB9BC}.Release|Any CPU.ActiveCfg = Release|Any CPU
		{B8C7D667-711C-4CA7-9814-8A8DD97FB9BC}.Release|Any CPU.Build.0 = Release|Any CPU
	EndGlobalSection
	GlobalSection(SolutionProperties) = preSolution
		HideSolutionNode = FALSE
	EndGlobalSection
	GlobalSection(ExtensibilityGlobals) = postSolution
		SolutionGuid = {C4E404DB-AE87-4446-90EB-7BDC6CF0CEF8}
	EndGlobalSection
EndGlobal
